
Microsoft Visual Studio Solution File, Format Version 12.00
# Visual Studio 15
VisualStudioVersion = 15.0.26730.10
MinimumVisualStudioVersion = 10.0.40219.1
Project("{9A19103F-16F7-4668-BE54-9A1E7A4F7556}") = "Petrostat.Domain", "Petrostat.Domain\Petrostat.Domain.csproj", "{C4432572-7DA2-4558-8513-7DD0856A92AD}"
EndProject
Project("{9A19103F-16F7-4668-BE54-9A1E7A4F7556}") = "ConsoleApp1", "ConsoleApp1\ConsoleApp1.csproj", "{CA4FE99A-578C-4A52-BE1F-F28123E66E57}"
EndProject
Project("{2150E333-8FDC-42A3-9474-1A3956D46DE8}") = "Materials", "Materials", "{A51AE234-4443-4EF3-9869-FA331A35150E}"
EndProject
Project("{2150E333-8FDC-42A3-9474-1A3956D46DE8}") = "PDFs", "PDFs", "{F7C90710-68BD-4501-9CC2-288D9C4EED51}"
	ProjectSection(SolutionItems) = preProject
		Materials\PDFs\InstructionCards.pdf = Materials\PDFs\InstructionCards.pdf
		Materials\PDFs\Petrostat Instruction Book Booklet 022115.pdf = Materials\PDFs\Petrostat Instruction Book Booklet 022115.pdf
	EndProjectSection
EndProject
Global
	GlobalSection(SolutionConfigurationPlatforms) = preSolution
		Debug|Any CPU = Debug|Any CPU
		Release|Any CPU = Release|Any CPU
	EndGlobalSection
	GlobalSection(ProjectConfigurationPlatforms) = postSolution
		{C4432572-7DA2-4558-8513-7DD0856A92AD}.Debug|Any CPU.ActiveCfg = Debug|Any CPU
		{C4432572-7DA2-4558-8513-7DD0856A92AD}.Debug|Any CPU.Build.0 = Debug|Any CPU
		{C4432572-7DA2-4558-8513-7DD0856A92AD}.Release|Any CPU.ActiveCfg = Release|Any CPU
		{C4432572-7DA2-4558-8513-7DD0856A92AD}.Release|Any CPU.Build.0 = Release|Any CPU
		{CA4FE99A-578C-4A52-BE1F-F28123E66E57}.Debug|Any CPU.ActiveCfg = Debug|Any CPU
		{CA4FE99A-578C-4A52-BE1F-F28123E66E57}.Debug|Any CPU.Build.0 = Debug|Any CPU
		{CA4FE99A-578C-4A52-BE1F-F28123E66E57}.Release|Any CPU.ActiveCfg = Release|Any CPU
		{CA4FE99A-578C-4A52-BE1F-F28123E66E57}.Release|Any CPU.Build.0 = Release|Any CPU
	EndGlobalSection
	GlobalSection(SolutionProperties) = preSolution
		HideSolutionNode = FALSE
	EndGlobalSection
	GlobalSection(NestedProjects) = preSolution
		{F7C90710-68BD-4501-9CC2-288D9C4EED51} = {A51AE234-4443-4EF3-9869-FA331A35150E}
	EndGlobalSection
	GlobalSection(ExtensibilityGlobals) = postSolution
		SolutionGuid = {EDE54584-A1D9-4406-93C9-93FDA1EC471E}
	EndGlobalSection
EndGlobal
